
Microsoft Visual Studio Solution File, Format Version 12.00
# Visual Studio Version 17
VisualStudioVersion = 17.1.32407.343
MinimumVisualStudioVersion = 10.0.40219.1
Project("{FAE04EC0-301F-11D3-BF4B-00C04F79EFBC}") = "XeniaProject", "XeniaProject\XeniaProject.csproj", "{FCE01463-4BAF-42EF-9C06-9D85034C1577}"
EndProject
Global
	GlobalSection(SolutionConfigurationPlatforms) = preSolution
		Debug|Any CPU = Debug|Any CPU
		Release|Any CPU = Release|Any CPU
	EndGlobalSection
	GlobalSection(ProjectConfigurationPlatforms) = postSolution
		{FCE01463-4BAF-42EF-9C06-9D85034C1577}.Debug|Any CPU.ActiveCfg = Debug|Any CPU
		{FCE01463-4BAF-42EF-9C06-9D85034C1577}.Debug|Any CPU.Build.0 = Debug|Any CPU
		{FCE01463-4BAF-42EF-9C06-9D85034C1577}.Release|Any CPU.ActiveCfg = Release|Any CPU
		{FCE01463-4BAF-42EF-9C06-9D85034C1577}.Release|Any CPU.Build.0 = Release|Any CPU
	EndGlobalSection
	GlobalSection(SolutionProperties) = preSolution
		HideSolutionNode = FALSE
	EndGlobalSection
	GlobalSection(ExtensibilityGlobals) = postSolution
		SolutionGuid = {9530932E-8008-4194-8198-E879F41D7445}
	EndGlobalSection
EndGlobal
